dependencies:
- name: spark-hs
  repository: file://../spark-hs
  version: 0.1.0
- name: zeppelin-with-spark
  repository: file://../zeppelin-with-spark
  version: 0.1.0
- name: jupyter-with-spark
  repository: file://../jupyter-with-spark
  version: 0.1.0
digest: sha256:325f2713e82cfe3aa54b30ac5863f8009e74f97f8f29a8e94b1664bc2b28d53a
generated: 2019-01-21T14:47:01.318259114+05:30
