dependencies:
- name: spark-hs
  repository: file://../spark-hs
  version: 0.1.0
- name: spark-k8s-zeppelin-chart
  repository: file://../spark-k8s-zeppelin-chart
  version: 0.1.0
- name: jupyter-with-spark
  repository: file://../jupyter-with-spark
  version: 0.1.0
- name: spark-rss
  repository: file://../spark-rss
  version: 0.1.0
- name: spark-shuffle
  repository: file://../spark-shuffle
  version: 0.1.0
digest: sha256:0ca6540ebedf6081e6893b702179cc44b9ea4e24ae5e0e20d410937f25a4ba06
generated: 2018-04-01T23:16:59.698618234+05:30
